
Microsoft Visual Studio Solution File, Format Version 12.00
# Visual Studio Version 17
VisualStudioVersion = 17.6.33829.357
MinimumVisualStudioVersion = 10.0.40219.1
Project("{FAE04EC0-301F-11D3-BF4B-00C04F79EFBC}") = "MVCBIG", "MVCBIG\MVCBIG.csproj", "{682A4847-263C-4470-A182-73C975B3BCD5}"
EndProject
Global
	GlobalSection(SolutionConfigurationPlatforms) = preSolution
		Debug|Any CPU = Debug|Any CPU
		Release|Any CPU = Release|Any CPU
	EndGlobalSection
	GlobalSection(ProjectConfigurationPlatforms) = postSolution
		{682A4847-263C-4470-A182-73C975B3BCD5}.Debug|Any CPU.ActiveCfg = Debug|Any CPU
		{682A4847-263C-4470-A182-73C975B3BCD5}.Debug|Any CPU.Build.0 = Debug|Any CPU
		{682A4847-263C-4470-A182-73C975B3BCD5}.Release|Any CPU.ActiveCfg = Release|Any CPU
		{682A4847-263C-4470-A182-73C975B3BCD5}.Release|Any CPU.Build.0 = Release|Any CPU
	EndGlobalSection
	GlobalSection(SolutionProperties) = preSolution
		HideSolutionNode = FALSE
	EndGlobalSection
	GlobalSection(ExtensibilityGlobals) = postSolution
		SolutionGuid = {FF48F682-C2C9-4395-A494-22614C57AFA7}
	EndGlobalSection
EndGlobal
